
Microsoft Visual Studio Solution File, Format Version 12.00
# Visual Studio Version 16
VisualStudioVersion = 16.0.30517.126
MinimumVisualStudioVersion = 10.0.40219.1
Project("{FAE04EC0-301F-11D3-BF4B-00C04F79EFBC}") = "electrical_network_simulator", "electrical_network_simulator.csproj", "{2871693F-085D-42BA-88D2-54935C07EDE1}"
EndProject
Global
	GlobalSection(SolutionConfigurationPlatforms) = preSolution
		Debug|Any CPU = Debug|Any CPU
		Release|Any CPU = Release|Any CPU
	EndGlobalSection
	GlobalSection(ProjectConfigurationPlatforms) = postSolution
		{2871693F-085D-42BA-88D2-54935C07EDE1}.Debug|Any CPU.ActiveCfg = Debug|Any CPU
		{2871693F-085D-42BA-88D2-54935C07EDE1}.Debug|Any CPU.Build.0 = Debug|Any CPU
		{2871693F-085D-42BA-88D2-54935C07EDE1}.Release|Any CPU.ActiveCfg = Release|Any CPU
		{2871693F-085D-42BA-88D2-54935C07EDE1}.Release|Any CPU.Build.0 = Release|Any CPU
	EndGlobalSection
	GlobalSection(SolutionProperties) = preSolution
		HideSolutionNode = FALSE
	EndGlobalSection
	GlobalSection(ExtensibilityGlobals) = postSolution
		SolutionGuid = {C736A205-B617-40A6-9F36-607BCAAEE331}
	EndGlobalSection
EndGlobal
